
Microsoft Visual Studio Solution File, Format Version 12.00
# Visual Studio Version 16
VisualStudioVersion = 16.0.31410.357
MinimumVisualStudioVersion = 10.0.40219.1
Project("{9A19103F-16F7-4668-BE54-9A1E7A4F7556}") = "ISO3166EE", "Src\ISO3166EE\ISO3166EE.csproj", "{38EBA204-49AC-4C78-A42B-8199DE72FE65}"
EndProject
Project("{2150E333-8FDC-42A3-9474-1A3956D46DE8}") = "Src", "Src", "{74BF59FF-4F9F-4459-82D6-75F133742F8F}"
EndProject
Global
	GlobalSection(SolutionConfigurationPlatforms) = preSolution
		Debug|Any CPU = Debug|Any CPU
		Release|Any CPU = Release|Any CPU
	EndGlobalSection
	GlobalSection(ProjectConfigurationPlatforms) = postSolution
		{38EBA204-49AC-4C78-A42B-8199DE72FE65}.Debug|Any CPU.ActiveCfg = Debug|Any CPU
		{38EBA204-49AC-4C78-A42B-8199DE72FE65}.Debug|Any CPU.Build.0 = Debug|Any CPU
		{38EBA204-49AC-4C78-A42B-8199DE72FE65}.Release|Any CPU.ActiveCfg = Release|Any CPU
		{38EBA204-49AC-4C78-A42B-8199DE72FE65}.Release|Any CPU.Build.0 = Release|Any CPU
	EndGlobalSection
	GlobalSection(SolutionProperties) = preSolution
		HideSolutionNode = FALSE
	EndGlobalSection
	GlobalSection(NestedProjects) = preSolution
		{38EBA204-49AC-4C78-A42B-8199DE72FE65} = {74BF59FF-4F9F-4459-82D6-75F133742F8F}
	EndGlobalSection
	GlobalSection(ExtensibilityGlobals) = postSolution
		SolutionGuid = {1400EBC1-B1EF-4F61-9171-8799070D371F}
	EndGlobalSection
EndGlobal
